github.com/Gohryt/Impossible.go v0.0.0-20210111180345-df62b2a0dc0d h1:NJoh/ansA0d5wjVveTl7eoArdjQ6XzifYy46P5MEvUA=
github.com/Gohryt/Impossible.go v0.0.0-20210111180345-df62b2a0dc0d/go.mod h1:sr8Rd0JpTYtbLSJ2B8yy5O+rU439y1dHUIWOtk64tIM=
github.com/Gohryt/Impossible.go v0.0.0-20210112091012-b25c1b0de627 h1:4E1yy7PmpDDMZiNmZ0ur8kcWzRnH8IWahwAUezAWBYI=
github.com/Gohryt/Impossible.go v0.0.0-20210112091012-b25c1b0de627/go.mod h1:sr8Rd0JpTYtbLSJ2B8yy5O+rU439y1dHUIWOtk64tIM=
github.com/Gohryt/Impossible.go v0.0.0-20210112093643-c80311d64470 h1:n4Dej86gPnByU6WJjxTBDv7crEarnhy/ZqSPQFIov+U=
github.com/Gohryt/Impossible.go v0.0.0-20210112093643-c80311d64470/go.mod h1:sr8Rd0JpTYtbLSJ2B8yy5O+rU439y1dHUIWOtk64tIM=
github.com/Gohryt/Impossible.go v0.0.0-20210112094807-700783cd3cbe h1:fvsSSWv0GXnEpq2dWOdubu5XkaJZYwOrZ5R/IDWH3Y8=
github.com/Gohryt/Impossible.go v0.0.0-20210112094807-700783cd3cbe/go.mod h1:sr8Rd0JpTYtbLSJ2B8yy5O+rU439y1dHUIWOtk64tIM=
github.com/Gohryt/Impossible.go v0.0.0-20210112101304-544f3eef84b5 h1:iHxv5D1HE+07OCAtJftG0sTigDGPE+fiC5M7phl/n04=
github.com/Gohryt/Impossible.go v0.0.0-20210112101304-544f3eef84b5/go.mod h1:sr8Rd0JpTYtbLSJ2B8yy5O+rU439y1dHUIWOtk64tIM=
github.com/Gohryt/Impossible.go v0.0.0-20210112103021-d591147b55de h1:FABOqdxqjJKwS4jQrDXyHgiUWrMAN/955OosWhxr+pA=
github.com/Gohryt/Impossible.go v0.0.0-20210112103021-d591147b55de/go.mod h1:sr8Rd0JpTYtbLSJ2B8yy5O+rU439y1dHUIWOtk64tIM=
github.com/Gohryt/Impossible.go v0.0.0-20210112140419-200c757711c3 h1:ixajpxncG+Jbs9HTCF/HDdMjqgTQHROa85KatY4qjhk=
github.com/Gohryt/Impossible.go v0.0.0-20210112140419-200c757711c3/go.mod h1:sr8Rd0JpTYtbLSJ2B8yy5O+rU439y1dHUIWOtk64tIM=
github.com/go-sql-driver/mysql v1.5.0 h1:ozyZYNQW3x3HtqT1jira07DN2PArx2v7/mN66gGcHOs=
github.com/go-sql-driver/mysql v1.5.0/go.mod h1:DCzpHaOWr8IXmIStZouvnhqoel9Qv2LBy8hT2VhHyBg=
