github.com/Gohryt/Impossible.go v0.0.0-20210114101349-76cd5c9e1cac h1:2HWICMGnlXUjY2GNF5XxSWk5/6CZZpY7VLZbAxuUrDo=
github.com/Gohryt/Impossible.go v0.0.0-20210114101349-76cd5c9e1cac/go.mod h1:sr8Rd0JpTYtbLSJ2B8yy5O+rU439y1dHUIWOtk64tIM=
github.com/go-sql-driver/mysql v1.5.0 h1:ozyZYNQW3x3HtqT1jira07DN2PArx2v7/mN66gGcHOs=
github.com/go-sql-driver/mysql v1.5.0/go.mod h1:DCzpHaOWr8IXmIStZouvnhqoel9Qv2LBy8hT2VhHyBg=
